// !$*UTF8*$!
{
	archiveVersion = 1;
	classes = {
	};
	objectVersion = 56;
	objects = {

/* Begin PBXBuildFile section */
		DD7DBD7B2A09366E00FCC083 /* WeatherForecastsViewController.swift in Sources */ = {isa = PBXBuildFile; fileRef = DD7DBD7A2A09366E00FCC083 /* WeatherForecastsViewController.swift */; };
		DD7DBD7D2A0936D100FCC083 /* WeatherForecastsViewModel.swift in Sources */ = {isa = PBXBuildFile; fileRef = DD7DBD7C2A0936D100FCC083 /* WeatherForecastsViewModel.swift */; };
		DD7DBD7F2A09381400FCC083 /* ViewModelType.swift in Sources */ = {isa = PBXBuildFile; fileRef = DD7DBD7E2A09381400FCC083 /* ViewModelType.swift */; };
		DD7DBD822A0938C300FCC083 /* RxBlocking in Frameworks */ = {isa = PBXBuildFile; productRef = DD7DBD812A0938C300FCC083 /* RxBlocking */; };
		DD7DBD842A0938C300FCC083 /* RxCocoa in Frameworks */ = {isa = PBXBuildFile; productRef = DD7DBD832A0938C300FCC083 /* RxCocoa */; };
		DD7DBD862A0938C300FCC083 /* RxRelay in Frameworks */ = {isa = PBXBuildFile; productRef = DD7DBD852A0938C300FCC083 /* RxRelay */; };
		DD7DBD882A0938C300FCC083 /* RxSwift in Frameworks */ = {isa = PBXBuildFile; productRef = DD7DBD872A0938C300FCC083 /* RxSwift */; };
		DD7DBD8A2A0938C300FCC083 /* RxTest in Frameworks */ = {isa = PBXBuildFile; productRef = DD7DBD892A0938C300FCC083 /* RxTest */; };
		DD7DBD8D2A0938FA00FCC083 /* PinLayout in Frameworks */ = {isa = PBXBuildFile; productRef = DD7DBD8C2A0938FA00FCC083 /* PinLayout */; };
		DD7DBD902A09392800FCC083 /* FlexLayout in Frameworks */ = {isa = PBXBuildFile; productRef = DD7DBD8F2A09392800FCC083 /* FlexLayout */; };
		DD9B05272A09275F00FADA4C /* AppDelegate.swift in Sources */ = {isa = PBXBuildFile; fileRef = DD9B05262A09275F00FADA4C /* AppDelegate.swift */; };
		DD9B05292A09275F00FADA4C /* SceneDelegate.swift in Sources */ = {isa = PBXBuildFile; fileRef = DD9B05282A09275F00FADA4C /* SceneDelegate.swift */; };
		DD9B05302A09275F00FADA4C /* Assets.xcassets in Resources */ = {isa = PBXBuildFile; fileRef = DD9B052F2A09275F00FADA4C /* Assets.xcassets */; };
		DD9B05332A09275F00FADA4C /* LaunchScreen.storyboard in Resources */ = {isa = PBXBuildFile; fileRef = DD9B05312A09275F00FADA4C /* LaunchScreen.storyboard */; };
		DD9B053E2A09275F00FADA4C /* WeatherForecastsTests.swift in Sources */ = {isa = PBXBuildFile; fileRef = DD9B053D2A09275F00FADA4C /* WeatherForecastsTests.swift */; };
		DD9B05482A09275F00FADA4C /* WeatherForecastsUITests.swift in Sources */ = {isa = PBXBuildFile; fileRef = DD9B05472A09275F00FADA4C /* WeatherForecastsUITests.swift */; };
		DD9B054A2A09275F00FADA4C /* WeatherForecastsUITestsLaunchTests.swift in Sources */ = {isa = PBXBuildFile; fileRef = DD9B05492A09275F00FADA4C /* WeatherForecastsUITestsLaunchTests.swift */; };
/* End PBXBuildFile section */

/* Begin PBXContainerItemProxy section */
		DD9B053A2A09275F00FADA4C /* PBXContainerItemProxy */ = {
			isa = PBXContainerItemProxy;
			containerPortal = DD9B051B2A09275F00FADA4C /* Project object */;
			proxyType = 1;
			remoteGlobalIDString = DD9B05222A09275F00FADA4C;
			remoteInfo = WeatherForecasts;
		};
		DD9B05442A09275F00FADA4C /* PBXContainerItemProxy */ = {
			isa = PBXContainerItemProxy;
			containerPortal = DD9B051B2A09275F00FADA4C /* Project object */;
			proxyType = 1;
			remoteGlobalIDString = DD9B05222A09275F00FADA4C;
			remoteInfo = WeatherForecasts;
		};
/* End PBXContainerItemProxy section */

/* Begin PBXFileReference section */
		DD7DBD7A2A09366E00FCC083 /* WeatherForecastsViewController.swift */ = {isa = PBXFileReference; lastKnownFileType = sourcecode.swift; path = WeatherForecastsViewController.swift; sourceTree = "<group>"; };
		DD7DBD7C2A0936D100FCC083 /* WeatherForecastsViewModel.swift */ = {isa = PBXFileReference; lastKnownFileType = sourcecode.swift; path = WeatherForecastsViewModel.swift; sourceTree = "<group>"; };
		DD7DBD7E2A09381400FCC083 /* ViewModelType.swift */ = {isa = PBXFileReference; lastKnownFileType = sourcecode.swift; path = ViewModelType.swift; sourceTree = "<group>"; };
		DD9B05232A09275F00FADA4C /* WeatherForecasts.app */ = {isa = PBXFileReference; explicitFileType = wrapper.application; includeInIndex = 0; path = WeatherForecasts.app; sourceTree = BUILT_PRODUCTS_DIR; };
		DD9B05262A09275F00FADA4C /* AppDelegate.swift */ = {isa = PBXFileReference; lastKnownFileType = sourcecode.swift; path = AppDelegate.swift; sourceTree = "<group>"; };
		DD9B05282A09275F00FADA4C /* SceneDelegate.swift */ = {isa = PBXFileReference; lastKnownFileType = sourcecode.swift; path = SceneDelegate.swift; sourceTree = "<group>"; };
		DD9B052F2A09275F00FADA4C /* Assets.xcassets */ = {isa = PBXFileReference; lastKnownFileType = folder.assetcatalog; path = Assets.xcassets; sourceTree = "<group>"; };
		DD9B05322A09275F00FADA4C /* Base */ = {isa = PBXFileReference; lastKnownFileType = file.storyboard; name = Base; path = Base.lproj/LaunchScreen.storyboard; sourceTree = "<group>"; };
		DD9B05342A09275F00FADA4C /* Info.plist */ = {isa = PBXFileReference; lastKnownFileType = text.plist.xml; path = Info.plist; sourceTree = "<group>"; };
		DD9B05392A09275F00FADA4C /* WeatherForecastsTests.xctest */ = {isa = PBXFileReference; explicitFileType = wrapper.cfbundle; includeInIndex = 0; path = WeatherForecastsTests.xctest; sourceTree = BUILT_PRODUCTS_DIR; };
		DD9B053D2A09275F00FADA4C /* WeatherForecastsTests.swift */ = {isa = PBXFileReference; lastKnownFileType = sourcecode.swift; path = WeatherForecastsTests.swift; sourceTree = "<group>"; };
		DD9B05432A09275F00FADA4C /* WeatherForecastsUITests.xctest */ = {isa = PBXFileReference; explicitFileType = wrapper.cfbundle; includeInIndex = 0; path = WeatherForecastsUITests.xctest; sourceTree = BUILT_PRODUCTS_DIR; };
		DD9B05472A09275F00FADA4C /* WeatherForecastsUITests.swift */ = {isa = PBXFileReference; lastKnownFileType = sourcecode.swift; path = WeatherForecastsUITests.swift; sourceTree = "<group>"; };
		DD9B05492A09275F00FADA4C /* WeatherForecastsUITestsLaunchTests.swift */ = {isa = PBXFileReference; lastKnownFileType = sourcecode.swift; path = WeatherForecastsUITestsLaunchTests.swift; sourceTree = "<group>"; };
/* End PBXFileReference section */

/* Begin PBXFrameworksBuildPhase section */
		DD9B05202A09275F00FADA4C /* Frameworks */ = {
			isa = PBXFrameworksBuildPhase;
			buildActionMask = 2147483647;
			files = (
				DD7DBD902A09392800FCC083 /* FlexLayout in Frameworks */,
				DD7DBD8D2A0938FA00FCC083 /* PinLayout in Frameworks */,
				DD7DBD8A2A0938C300FCC083 /* RxTest in Frameworks */,
				DD7DBD862A0938C300FCC083 /* RxRelay in Frameworks */,
				DD7DBD842A0938C300FCC083 /* RxCocoa in Frameworks */,
				DD7DBD882A0938C300FCC083 /* RxSwift in Frameworks */,
				DD7DBD822A0938C300FCC083 /* RxBlocking in Frameworks */,
			);
			runOnlyForDeploymentPostprocessing = 0;
		};
		DD9B05362A09275F00FADA4C /* Frameworks */ = {
			isa = PBXFrameworksBuildPhase;
			buildActionMask = 2147483647;
			files = (
			);
			runOnlyForDeploymentPostprocessing = 0;
		};
		DD9B05402A09275F00FADA4C /* Frameworks */ = {
			isa = PBXFrameworksBuildPhase;
			buildActionMask = 2147483647;
			files = (
			);
			runOnlyForDeploymentPostprocessing = 0;
		};
/* End PBXFrameworksBuildPhase section */

/* Begin PBXGroup section */
		DD9B051A2A09275F00FADA4C = {
			isa = PBXGroup;
			children = (
				DD9B05252A09275F00FADA4C /* WeatherForecasts */,
				DD9B053C2A09275F00FADA4C /* WeatherForecastsTests */,
				DD9B05462A09275F00FADA4C /* WeatherForecastsUITests */,
				DD9B05242A09275F00FADA4C /* Products */,
			);
			sourceTree = "<group>";
		};
		DD9B05242A09275F00FADA4C /* Products */ = {
			isa = PBXGroup;
			children = (
				DD9B05232A09275F00FADA4C /* WeatherForecasts.app */,
				DD9B05392A09275F00FADA4C /* WeatherForecastsTests.xctest */,
				DD9B05432A09275F00FADA4C /* WeatherForecastsUITests.xctest */,
			);
			name = Products;
			sourceTree = "<group>";
		};
		DD9B05252A09275F00FADA4C /* WeatherForecasts */ = {
			isa = PBXGroup;
			children = (
				DD9B05262A09275F00FADA4C /* AppDelegate.swift */,
				DD9B05282A09275F00FADA4C /* SceneDelegate.swift */,
				DD7DBD7E2A09381400FCC083 /* ViewModelType.swift */,
				DD7DBD7A2A09366E00FCC083 /* WeatherForecastsViewController.swift */,
				DD7DBD7C2A0936D100FCC083 /* WeatherForecastsViewModel.swift */,
				DD9B052F2A09275F00FADA4C /* Assets.xcassets */,
				DD9B05312A09275F00FADA4C /* LaunchScreen.storyboard */,
				DD9B05342A09275F00FADA4C /* Info.plist */,
			);
			path = WeatherForecasts;
			sourceTree = "<group>";
		};
		DD9B053C2A09275F00FADA4C /* WeatherForecastsTests */ = {
			isa = PBXGroup;
			children = (
				DD9B053D2A09275F00FADA4C /* WeatherForecastsTests.swift */,
			);
			path = WeatherForecastsTests;
			sourceTree = "<group>";
		};
		DD9B05462A09275F00FADA4C /* WeatherForecastsUITests */ = {
			isa = PBXGroup;
			children = (
				DD9B05472A09275F00FADA4C /* WeatherForecastsUITests.swift */,
				DD9B05492A09275F00FADA4C /* WeatherForecastsUITestsLaunchTests.swift */,
			);
			path = WeatherForecastsUITests;
			sourceTree = "<group>";
		};
/* End PBXGroup section */

/* Begin PBXNativeTarget section */
		DD9B05222A09275F00FADA4C /* WeatherForecasts */ = {
			isa = PBXNativeTarget;
			buildConfigurationList = DD9B054D2A09275F00FADA4C /* Build configuration list for PBXNativeTarget "WeatherForecasts" */;
			buildPhases = (
				DD9B051F2A09275F00FADA4C /* Sources */,
				DD9B05202A09275F00FADA4C /* Frameworks */,
				DD9B05212A09275F00FADA4C /* Resources */,
			);
			buildRules = (
			);
			dependencies = (
			);
			name = WeatherForecasts;
			packageProductDependencies = (
				DD7DBD812A0938C300FCC083 /* RxBlocking */,
				DD7DBD832A0938C300FCC083 /* RxCocoa */,
				DD7DBD852A0938C300FCC083 /* RxRelay */,
				DD7DBD872A0938C300FCC083 /* RxSwift */,
				DD7DBD892A0938C300FCC083 /* RxTest */,
				DD7DBD8C2A0938FA00FCC083 /* PinLayout */,
				DD7DBD8F2A09392800FCC083 /* FlexLayout */,
			);
			productName = WeatherForecasts;
			productReference = DD9B05232A09275F00FADA4C /* WeatherForecasts.app */;
			productType = "com.apple.product-type.application";
		};
		DD9B05382A09275F00FADA4C /* WeatherForecastsTests */ = {
			isa = PBXNativeTarget;
			buildConfigurationList = DD9B05502A09275F00FADA4C /* Build configuration list for PBXNativeTarget "WeatherForecastsTests" */;
			buildPhases = (
				DD9B05352A09275F00FADA4C /* Sources */,
				DD9B05362A09275F00FADA4C /* Frameworks */,
				DD9B05372A09275F00FADA4C /* Resources */,
			);
			buildRules = (
			);
			dependencies = (
				DD9B053B2A09275F00FADA4C /* PBXTargetDependency */,
			);
			name = WeatherForecastsTests;
			productName = WeatherForecastsTests;
			productReference = DD9B05392A09275F00FADA4C /* WeatherForecastsTests.xctest */;
			productType = "com.apple.product-type.bundle.unit-test";
		};
		DD9B05422A09275F00FADA4C /* WeatherForecastsUITests */ = {
			isa = PBXNativeTarget;
			buildConfigurationList = DD9B05532A09275F00FADA4C /* Build configuration list for PBXNativeTarget "WeatherForecastsUITests" */;
			buildPhases = (
				DD9B053F2A09275F00FADA4C /* Sources */,
				DD9B05402A09275F00FADA4C /* Frameworks */,
				DD9B05412A09275F00FADA4C /* Resources */,
			);
			buildRules = (
			);
			dependencies = (
				DD9B05452A09275F00FADA4C /* PBXTargetDependency */,
			);
			name = WeatherForecastsUITests;
			productName = WeatherForecastsUITests;
			productReference = DD9B05432A09275F00FADA4C /* WeatherForecastsUITests.xctest */;
			productType = "com.apple.product-type.bundle.ui-testing";
		};
/* End PBXNativeTarget section */

/* Begin PBXProject section */
		DD9B051B2A09275F00FADA4C /* Project object */ = {
			isa = PBXProject;
			attributes = {
				BuildIndependentTargetsInParallel = 1;
				LastSwiftUpdateCheck = 1420;
				LastUpgradeCheck = 1420;
				TargetAttributes = {
					DD9B05222A09275F00FADA4C = {
						CreatedOnToolsVersion = 14.2;
					};
					DD9B05382A09275F00FADA4C = {
						CreatedOnToolsVersion = 14.2;
						TestTargetID = DD9B05222A09275F00FADA4C;
					};
					DD9B05422A09275F00FADA4C = {
						CreatedOnToolsVersion = 14.2;
						TestTargetID = DD9B05222A09275F00FADA4C;
					};
				};
			};
			buildConfigurationList = DD9B051E2A09275F00FADA4C /* Build configuration list for PBXProject "WeatherForecasts" */;
			compatibilityVersion = "Xcode 14.0";
			developmentRegion = en;
			hasScannedForEncodings = 0;
			knownRegions = (
				en,
				Base,
			);
			mainGroup = DD9B051A2A09275F00FADA4C;
			packageReferences = (
				DD7DBD802A0938C300FCC083 /* XCRemoteSwiftPackageReference "RxSwift" */,
				DD7DBD8B2A0938FA00FCC083 /* XCRemoteSwiftPackageReference "PinLayout" */,
				DD7DBD8E2A09392800FCC083 /* XCRemoteSwiftPackageReference "FlexLayout" */,
			);
			productRefGroup = DD9B05242A09275F00FADA4C /* Products */;
			projectDirPath = "";
			projectRoot = "";
			targets = (
				DD9B05222A09275F00FADA4C /* WeatherForecasts */,
				DD9B05382A09275F00FADA4C /* WeatherForecastsTests */,
				DD9B05422A09275F00FADA4C /* WeatherForecastsUITests */,
			);
		};
/* End PBXProject section */

/* Begin PBXResourcesBuildPhase section */
		DD9B05212A09275F00FADA4C /* Resources */ = {
			isa = PBXResourcesBuildPhase;
			buildActionMask = 2147483647;
			files = (
				DD9B05332A09275F00FADA4C /* LaunchScreen.storyboard in Resources */,
				DD9B05302A09275F00FADA4C /* Assets.xcassets in Resources */,
			);
			runOnlyForDeploymentPostprocessing = 0;
		};
		DD9B05372A09275F00FADA4C /* Resources */ = {
			isa = PBXResourcesBuildPhase;
			buildActionMask = 2147483647;
			files = (
			);
			runOnlyForDeploymentPostprocessing = 0;
		};
		DD9B05412A09275F00FADA4C /* Resources */ = {
			isa = PBXResourcesBuildPhase;
			buildActionMask = 2147483647;
			files = (
			);
			runOnlyForDeploymentPostprocessing = 0;
		};
/* End PBXResourcesBuildPhase section */

/* Begin PBXSourcesBuildPhase section */
		DD9B051F2A09275F00FADA4C /* Sources */ = {
			isa = PBXSourcesBuildPhase;
			buildActionMask = 2147483647;
			files = (
				DD7DBD7D2A0936D100FCC083 /* WeatherForecastsViewModel.swift in Sources */,
				DD9B05272A09275F00FADA4C /* AppDelegate.swift in Sources */,
				DD7DBD7B2A09366E00FCC083 /* WeatherForecastsViewController.swift in Sources */,
				DD7DBD7F2A09381400FCC083 /* ViewModelType.swift in Sources */,
				DD9B05292A09275F00FADA4C /* SceneDelegate.swift in Sources */,
			);
			runOnlyForDeploymentPostprocessing = 0;
		};
		DD9B05352A09275F00FADA4C /* Sources */ = {
			isa = PBXSourcesBuildPhase;
			buildActionMask = 2147483647;
			files = (
				DD9B053E2A09275F00FADA4C /* WeatherForecastsTests.swift in Sources */,
			);
			runOnlyForDeploymentPostprocessing = 0;
		};
		DD9B053F2A09275F00FADA4C /* Sources */ = {
			isa = PBXSourcesBuildPhase;
			buildActionMask = 2147483647;
			files = (
				DD9B054A2A09275F00FADA4C /* WeatherForecastsUITestsLaunchTests.swift in Sources */,
				DD9B05482A09275F00FADA4C /* WeatherForecastsUITests.swift in Sources */,
			);
			runOnlyForDeploymentPostprocessing = 0;
		};
/* End PBXSourcesBuildPhase section */

/* Begin PBXTargetDependency section */
		DD9B053B2A09275F00FADA4C /* PBXTargetDependency */ = {
			isa = PBXTargetDependency;
			target = DD9B05222A09275F00FADA4C /* WeatherForecasts */;
			targetProxy = DD9B053A2A09275F00FADA4C /* PBXContainerItemProxy */;
		};
		DD9B05452A09275F00FADA4C /* PBXTargetDependency */ = {
			isa = PBXTargetDependency;
			target = DD9B05222A09275F00FADA4C /* WeatherForecasts */;
			targetProxy = DD9B05442A09275F00FADA4C /* PBXContainerItemProxy */;
		};
/* End PBXTargetDependency section */

/* Begin PBXVariantGroup section */
		DD9B05312A09275F00FADA4C /* LaunchScreen.storyboard */ = {
			isa = PBXVariantGroup;
			children = (
				DD9B05322A09275F00FADA4C /* Base */,
			);
			name = LaunchScreen.storyboard;
			sourceTree = "<group>";
		};
/* End PBXVariantGroup section */

/* Begin XCBuildConfiguration section */
		DD9B054B2A09275F00FADA4C /* Debug */ = {
			isa = XCBuildConfiguration;
			buildSettings = {
				ALWAYS_SEARCH_USER_PATHS = NO;
				CLANG_ANALYZER_NONNULL = YES;
				CLANG_ANALYZER_NUMBER_OBJECT_CONVERSION = YES_AGGRESSIVE;
				CLANG_CXX_LANGUAGE_STANDARD = "gnu++20";
				CLANG_ENABLE_MODULES = YES;
				CLANG_ENABLE_OBJC_ARC = YES;
				CLANG_ENABLE_OBJC_WEAK = YES;
				CLANG_WARN_BLOCK_CAPTURE_AUTORELEASING = YES;
				CLANG_WARN_BOOL_CONVERSION = YES;
				CLANG_WARN_COMMA = YES;
				CLANG_WARN_CONSTANT_CONVERSION = YES;
				CLANG_WARN_DEPRECATED_OBJC_IMPLEMENTATIONS = YES;
				CLANG_WARN_DIRECT_OBJC_ISA_USAGE = YES_ERROR;
				CLANG_WARN_DOCUMENTATION_COMMENTS = YES;
				CLANG_WARN_EMPTY_BODY = YES;
				CLANG_WARN_ENUM_CONVERSION = YES;
				CLANG_WARN_INFINITE_RECURSION = YES;
				CLANG_WARN_INT_CONVERSION = YES;
				CLANG_WARN_NON_LITERAL_NULL_CONVERSION = YES;
				CLANG_WARN_OBJC_IMPLICIT_RETAIN_SELF = YES;
				CLANG_WARN_OBJC_LITERAL_CONVERSION = YES;
				CLANG_WARN_OBJC_ROOT_CLASS = YES_ERROR;
				CLANG_WARN_QUOTED_INCLUDE_IN_FRAMEWORK_HEADER = YES;
				CLANG_WARN_RANGE_LOOP_ANALYSIS = YES;
				CLANG_WARN_STRICT_PROTOTYPES = YES;
				CLANG_WARN_SUSPICIOUS_MOVE = YES;
				CLANG_WARN_UNGUARDED_AVAILABILITY = YES_AGGRESSIVE;
				CLANG_WARN_UNREACHABLE_CODE = YES;
				CLANG_WARN__DUPLICATE_METHOD_MATCH = YES;
				COPY_PHASE_STRIP = NO;
				DEBUG_INFORMATION_FORMAT = dwarf;
				ENABLE_STRICT_OBJC_MSGSEND = YES;
				ENABLE_TESTABILITY = YES;
				GCC_C_LANGUAGE_STANDARD = gnu11;
				GCC_DYNAMIC_NO_PIC = NO;
				GCC_NO_COMMON_BLOCKS = YES;
				GCC_OPTIMIZATION_LEVEL = 0;
				GCC_PREPROCESSOR_DEFINITIONS = (
					"DEBUG=1",
					"$(inherited)",
				);
				GCC_WARN_64_TO_32_BIT_CONVERSION = YES;
				GCC_WARN_ABOUT_RETURN_TYPE = YES_ERROR;
				GCC_WARN_UNDECLARED_SELECTOR = YES;
				GCC_WARN_UNINITIALIZED_AUTOS = YES_AGGRESSIVE;
				GCC_WARN_UNUSED_FUNCTION = YES;
				GCC_WARN_UNUSED_VARIABLE = YES;
				IPHONEOS_DEPLOYMENT_TARGET = 16.2;
				MTL_ENABLE_DEBUG_INFO = INCLUDE_SOURCE;
				MTL_FAST_MATH = YES;
				ONLY_ACTIVE_ARCH = YES;
				SDKROOT = iphoneos;
				SWIFT_ACTIVE_COMPILATION_CONDITIONS = DEBUG;
				SWIFT_OPTIMIZATION_LEVEL = "-Onone";
			};
			name = Debug;
		};
		DD9B054C2A09275F00FADA4C /* Release */ = {
			isa = XCBuildConfiguration;
			buildSettings = {
				ALWAYS_SEARCH_USER_PATHS = NO;
				CLANG_ANALYZER_NONNULL = YES;
				CLANG_ANALYZER_NUMBER_OBJECT_CONVERSION = YES_AGGRESSIVE;
				CLANG_CXX_LANGUAGE_STANDARD = "gnu++20";
				CLANG_ENABLE_MODULES = YES;
				CLANG_ENABLE_OBJC_ARC = YES;
				CLANG_ENABLE_OBJC_WEAK = YES;
				CLANG_WARN_BLOCK_CAPTURE_AUTORELEASING = YES;
				CLANG_WARN_BOOL_CONVERSION = YES;
				CLANG_WARN_COMMA = YES;
				CLANG_WARN_CONSTANT_CONVERSION = YES;
				CLANG_WARN_DEPRECATED_OBJC_IMPLEMENTATIONS = YES;
				CLANG_WARN_DIRECT_OBJC_ISA_USAGE = YES_ERROR;
				CLANG_WARN_DOCUMENTATION_COMMENTS = YES;
				CLANG_WARN_EMPTY_BODY = YES;
				CLANG_WARN_ENUM_CONVERSION = YES;
				CLANG_WARN_INFINITE_RECURSION = YES;
				CLANG_WARN_INT_CONVERSION = YES;
				CLANG_WARN_NON_LITERAL_NULL_CONVERSION = YES;
				CLANG_WARN_OBJC_IMPLICIT_RETAIN_SELF = YES;
				CLANG_WARN_OBJC_LITERAL_CONVERSION = YES;
				CLANG_WARN_OBJC_ROOT_CLASS = YES_ERROR;
				CLANG_WARN_QUOTED_INCLUDE_IN_FRAMEWORK_HEADER = YES;
				CLANG_WARN_RANGE_LOOP_ANALYSIS = YES;
				CLANG_WARN_STRICT_PROTOTYPES = YES;
				CLANG_WARN_SUSPICIOUS_MOVE = YES;
				CLANG_WARN_UNGUARDED_AVAILABILITY = YES_AGGRESSIVE;
				CLANG_WARN_UNREACHABLE_CODE = YES;
				CLANG_WARN__DUPLICATE_METHOD_MATCH = YES;
				COPY_PHASE_STRIP = NO;
				DEBUG_INFORMATION_FORMAT = "dwarf-with-dsym";
				ENABLE_NS_ASSERTIONS = NO;
				ENABLE_STRICT_OBJC_MSGSEND = YES;
				GCC_C_LANGUAGE_STANDARD = gnu11;
				GCC_NO_COMMON_BLOCKS = YES;
				GCC_WARN_64_TO_32_BIT_CONVERSION = YES;
				GCC_WARN_ABOUT_RETURN_TYPE = YES_ERROR;
				GCC_WARN_UNDECLARED_SELECTOR = YES;
				GCC_WARN_UNINITIALIZED_AUTOS = YES_AGGRESSIVE;
				GCC_WARN_UNUSED_FUNCTION = YES;
				GCC_WARN_UNUSED_VARIABLE = YES;
				IPHONEOS_DEPLOYMENT_TARGET = 16.2;
				MTL_ENABLE_DEBUG_INFO = NO;
				MTL_FAST_MATH = YES;
				SDKROOT = iphoneos;
				SWIFT_COMPILATION_MODE = wholemodule;
				SWIFT_OPTIMIZATION_LEVEL = "-O";
				VALIDATE_PRODUCT = YES;
			};
			name = Release;
		};
		DD9B054E2A09275F00FADA4C /* Debug */ = {
			isa = XCBuildConfiguration;
			buildSettings = {
				ASSETCATALOG_COMPILER_APPICON_NAME = AppIcon;
				ASSETCATALOG_COMPILER_GLOBAL_ACCENT_COLOR_NAME = AccentColor;
				CODE_SIGN_STYLE = Automatic;
				CURRENT_PROJECT_VERSION = 1;
				DEVELOPMENT_TEAM = XLTUC52FU8;
				GCC_PREPROCESSOR_DEFINITIONS = (
					"FLEXLAYOUT_SWIFT_PACKAGE=1",
					"DEBUG=1",
					"$(inherited)",
				);
				GENERATE_INFOPLIST_FILE = YES;
				INFOPLIST_FILE = WeatherForecasts/Info.plist;
				INFOPLIST_KEY_UIApplicationSupportsIndirectInputEvents = YES;
				INFOPLIST_KEY_UILaunchStoryboardName = LaunchScreen;
				INFOPLIST_KEY_UISupportedInterfaceOrientations_iPad = "UIInterfaceOrientationPortrait UIInterfaceOrientationPortraitUpsideDown UIInterfaceOrientationLandscapeLeft UIInterfaceOrientationLandscapeRight";
				INFOPLIST_KEY_UISupportedInterfaceOrientations_iPhone = "UIInterfaceOrientationPortrait UIInterfaceOrientationLandscapeLeft UIInterfaceOrientationLandscapeRight";
				LD_RUNPATH_SEARCH_PATHS = (
					"$(inherited)",
					"@executable_path/Frameworks",
				);
				MARKETING_VERSION = 1.0;
				PRODUCT_BUNDLE_IDENTIFIER = dev.notbusy.WeatherForecasts;
				PRODUCT_NAME = "$(TARGET_NAME)";
				SWIFT_EMIT_LOC_STRINGS = YES;
				SWIFT_VERSION = 5.0;
				TARGETED_DEVICE_FAMILY = "1,2";
			};
			name = Debug;
		};
		DD9B054F2A09275F00FADA4C /* Release */ = {
			isa = XCBuildConfiguration;
			buildSettings = {
				ASSETCATALOG_COMPILER_APPICON_NAME = AppIcon;
				ASSETCATALOG_COMPILER_GLOBAL_ACCENT_COLOR_NAME = AccentColor;
				CODE_SIGN_STYLE = Automatic;
				CURRENT_PROJECT_VERSION = 1;
				DEVELOPMENT_TEAM = XLTUC52FU8;
				GCC_PREPROCESSOR_DEFINITIONS = "FLEXLAYOUT_SWIFT_PACKAGE=1";
				GENERATE_INFOPLIST_FILE = YES;
				INFOPLIST_FILE = WeatherForecasts/Info.plist;
				INFOPLIST_KEY_UIApplicationSupportsIndirectInputEvents = YES;
				INFOPLIST_KEY_UILaunchStoryboardName = LaunchScreen;
				INFOPLIST_KEY_UISupportedInterfaceOrientations_iPad = "UIInterfaceOrientationPortrait UIInterfaceOrientationPortraitUpsideDown UIInterfaceOrientationLandscapeLeft UIInterfaceOrientationLandscapeRight";
				INFOPLIST_KEY_UISupportedInterfaceOrientations_iPhone = "UIInterfaceOrientationPortrait UIInterfaceOrientationLandscapeLeft UIInterfaceOrientationLandscapeRight";
				LD_RUNPATH_SEARCH_PATHS = (
					"$(inherited)",
					"@executable_path/Frameworks",
				);
				MARKETING_VERSION = 1.0;
				PRODUCT_BUNDLE_IDENTIFIER = dev.notbusy.WeatherForecasts;
				PRODUCT_NAME = "$(TARGET_NAME)";
				SWIFT_EMIT_LOC_STRINGS = YES;
				SWIFT_VERSION = 5.0;
				TARGETED_DEVICE_FAMILY = "1,2";
			};
			name = Release;
		};
		DD9B05512A09275F00FADA4C /* Debug */ = {
			isa = XCBuildConfiguration;
			buildSettings = {
				ALWAYS_EMBED_SWIFT_STANDARD_LIBRARIES = YES;
				BUNDLE_LOADER = "$(TEST_HOST)";
				CODE_SIGN_STYLE = Automatic;
				CURRENT_PROJECT_VERSION = 1;
				DEVELOPMENT_TEAM = XLTUC52FU8;
				GENERATE_INFOPLIST_FILE = YES;
				IPHONEOS_DEPLOYMENT_TARGET = 16.2;
				MARKETING_VERSION = 1.0;
				PRODUCT_BUNDLE_IDENTIFIER = dev.notbusy.WeatherForecastsTests;
				PRODUCT_NAME = "$(TARGET_NAME)";
				SWIFT_EMIT_LOC_STRINGS = NO;
				SWIFT_VERSION = 5.0;
				TARGETED_DEVICE_FAMILY = "1,2";
				TEST_HOST = "$(BUILT_PRODUCTS_DIR)/WeatherForecasts.app/$(BUNDLE_EXECUTABLE_FOLDER_PATH)/WeatherForecasts";
			};
			name = Debug;
		};
		DD9B05522A09275F00FADA4C /* Release */ = {
			isa = XCBuildConfiguration;
			buildSettings = {
				ALWAYS_EMBED_SWIFT_STANDARD_LIBRARIES = YES;
				BUNDLE_LOADER = "$(TEST_HOST)";
				CODE_SIGN_STYLE = Automatic;
				CURRENT_PROJECT_VERSION = 1;
				DEVELOPMENT_TEAM = XLTUC52FU8;
				GENERATE_INFOPLIST_FILE = YES;
				IPHONEOS_DEPLOYMENT_TARGET = 16.2;
				MARKETING_VERSION = 1.0;
				PRODUCT_BUNDLE_IDENTIFIER = dev.notbusy.WeatherForecastsTests;
				PRODUCT_NAME = "$(TARGET_NAME)";
				SWIFT_EMIT_LOC_STRINGS = NO;
				SWIFT_VERSION = 5.0;
				TARGETED_DEVICE_FAMILY = "1,2";
				TEST_HOST = "$(BUILT_PRODUCTS_DIR)/WeatherForecasts.app/$(BUNDLE_EXECUTABLE_FOLDER_PATH)/WeatherForecasts";
			};
			name = Release;
		};
		DD9B05542A09275F00FADA4C /* Debug */ = {
			isa = XCBuildConfiguration;
			buildSettings = {
				ALWAYS_EMBED_SWIFT_STANDARD_LIBRARIES = YES;
				CODE_SIGN_STYLE = Automatic;
				CURRENT_PROJECT_VERSION = 1;
				DEVELOPMENT_TEAM = XLTUC52FU8;
				GENERATE_INFOPLIST_FILE = YES;
				MARKETING_VERSION = 1.0;
				PRODUCT_BUNDLE_IDENTIFIER = dev.notbusy.WeatherForecastsUITests;
				PRODUCT_NAME = "$(TARGET_NAME)";
				SWIFT_EMIT_LOC_STRINGS = NO;
				SWIFT_VERSION = 5.0;
				TARGETED_DEVICE_FAMILY = "1,2";
				TEST_TARGET_NAME = WeatherForecasts;
			};
			name = Debug;
		};
		DD9B05552A09275F00FADA4C /* Release */ = {
			isa = XCBuildConfiguration;
			buildSettings = {
				ALWAYS_EMBED_SWIFT_STANDARD_LIBRARIES = YES;
				CODE_SIGN_STYLE = Automatic;
				CURRENT_PROJECT_VERSION = 1;
				DEVELOPMENT_TEAM = XLTUC52FU8;
				GENERATE_INFOPLIST_FILE = YES;
				MARKETING_VERSION = 1.0;
				PRODUCT_BUNDLE_IDENTIFIER = dev.notbusy.WeatherForecastsUITests;
				PRODUCT_NAME = "$(TARGET_NAME)";
				SWIFT_EMIT_LOC_STRINGS = NO;
				SWIFT_VERSION = 5.0;
				TARGETED_DEVICE_FAMILY = "1,2";
				TEST_TARGET_NAME = WeatherForecasts;
			};
			name = Release;
		};
/* End XCBuildConfiguration section */

/* Begin XCConfigurationList section */
		DD9B051E2A09275F00FADA4C /* Build configuration list for PBXProject "WeatherForecasts" */ = {
			isa = XCConfigurationList;
			buildConfigurations = (
				DD9B054B2A09275F00FADA4C /* Debug */,
				DD9B054C2A09275F00FADA4C /* Release */,
			);
			defaultConfigurationIsVisible = 0;
			defaultConfigurationName = Release;
		};
		DD9B054D2A09275F00FADA4C /* Build configuration list for PBXNativeTarget "WeatherForecasts" */ = {
			isa = XCConfigurationList;
			buildConfigurations = (
				DD9B054E2A09275F00FADA4C /* Debug */,
				DD9B054F2A09275F00FADA4C /* Release */,
			);
			defaultConfigurationIsVisible = 0;
			defaultConfigurationName = Release;
		};
		DD9B05502A09275F00FADA4C /* Build configuration list for PBXNativeTarget "WeatherForecastsTests" */ = {
			isa = XCConfigurationList;
			buildConfigurations = (
				DD9B05512A09275F00FADA4C /* Debug */,
				DD9B05522A09275F00FADA4C /* Release */,
			);
			defaultConfigurationIsVisible = 0;
			defaultConfigurationName = Release;
		};
		DD9B05532A09275F00FADA4C /* Build configuration list for PBXNativeTarget "WeatherForecastsUITests" */ = {
			isa = XCConfigurationList;
			buildConfigurations = (
				DD9B05542A09275F00FADA4C /* Debug */,
				DD9B05552A09275F00FADA4C /* Release */,
			);
			defaultConfigurationIsVisible = 0;
			defaultConfigurationName = Release;
		};
/* End XCConfigurationList section */

/* Begin XCRemoteSwiftPackageReference section */
		DD7DBD802A0938C300FCC083 /* XCRemoteSwiftPackageReference "RxSwift" */ = {
			isa = XCRemoteSwiftPackageReference;
			repositoryURL = "https://github.com/ReactiveX/RxSwift.git";
			requirement = {
				kind = exactVersion;
				version = 6.5.0;
			};
		};
		DD7DBD8B2A0938FA00FCC083 /* XCRemoteSwiftPackageReference "PinLayout" */ = {
			isa = XCRemoteSwiftPackageReference;
			repositoryURL = "https://github.com/layoutBox/PinLayout";
			requirement = {
				kind = upToNextMajorVersion;
				minimumVersion = 1.0.0;
			};
		};
		DD7DBD8E2A09392800FCC083 /* XCRemoteSwiftPackageReference "FlexLayout" */ = {
			isa = XCRemoteSwiftPackageReference;
			repositoryURL = "https://github.com/layoutBox/FlexLayout.git";
			requirement = {
				kind = exactVersion;
				version = 1.3.18;
			};
		};
/* End XCRemoteSwiftPackageReference section */

/* Begin XCSwiftPackageProductDependency section */
		DD7DBD812A0938C300FCC083 /* RxBlocking */ = {
			isa = XCSwiftPackageProductDependency;
			package = DD7DBD802A0938C300FCC083 /* XCRemoteSwiftPackageReference "RxSwift" */;
			productName = RxBlocking;
		};
		DD7DBD832A0938C300FCC083 /* RxCocoa */ = {
			isa = XCSwiftPackageProductDependency;
			package = DD7DBD802A0938C300FCC083 /* XCRemoteSwiftPackageReference "RxSwift" */;
			productName = RxCocoa;
		};
		DD7DBD852A0938C300FCC083 /* RxRelay */ = {
			isa = XCSwiftPackageProductDependency;
			package = DD7DBD802A0938C300FCC083 /* XCRemoteSwiftPackageReference "RxSwift" */;
			productName = RxRelay;
		};
		DD7DBD872A0938C300FCC083 /* RxSwift */ = {
			isa = XCSwiftPackageProductDependency;
			package = DD7DBD802A0938C300FCC083 /* XCRemoteSwiftPackageReference "RxSwift" */;
			productName = RxSwift;
		};
		DD7DBD892A0938C300FCC083 /* RxTest */ = {
			isa = XCSwiftPackageProductDependency;
			package = DD7DBD802A0938C300FCC083 /* XCRemoteSwiftPackageReference "RxSwift" */;
			productName = RxTest;
		};
		DD7DBD8C2A0938FA00FCC083 /* PinLayout */ = {
			isa = XCSwiftPackageProductDependency;
			package = DD7DBD8B2A0938FA00FCC083 /* XCRemoteSwiftPackageReference "PinLayout" */;
			productName = PinLayout;
		};
		DD7DBD8F2A09392800FCC083 /* FlexLayout */ = {
			isa = XCSwiftPackageProductDependency;
			package = DD7DBD8E2A09392800FCC083 /* XCRemoteSwiftPackageReference "FlexLayout" */;
			productName = FlexLayout;
		};
/* End XCSwiftPackageProductDependency section */
	};
	rootObject = DD9B051B2A09275F00FADA4C /* Project object */;
}
